// !$*UTF8*$!
{
	archiveVersion = 1;
	classes = {
	};
	objectVersion = 50;
	objects = {

/* Begin PBXBuildFile section */
		6A1D5AC25020DC3B30150EBE /* Pods_Funny.framework in Frameworks */ = {isa = PBXBuildFile; fileRef = 6169A5BE55DA4D17666F389D /* Pods_Funny.framework */; };
		8C0F74F02238BCEC0050715D /* XGVoiceTopicCellView.xib in Resources */ = {isa = PBXBuildFile; fileRef = 8C0F74EF2238BCEC0050715D /* XGVoiceTopicCellView.xib */; };
		8C0F74F22238CB8D0050715D /* XGNavigationController.swift in Sources */ = {isa = PBXBuildFile; fileRef = 8C0F74F12238CB8D0050715D /* XGNavigationController.swift */; };
		8C0F74F42238CFB20050715D /* XGNewTopicRecommendTableViewController.swift in Sources */ = {isa = PBXBuildFile; fileRef = 8C0F74F32238CFB20050715D /* XGNewTopicRecommendTableViewController.swift */; };
		8C0F74F62238D0FF0050715D /* XGNewTopicRecommendModel.swift in Sources */ = {isa = PBXBuildFile; fileRef = 8C0F74F52238D0FF0050715D /* XGNewTopicRecommendModel.swift */; };
		8C0F74F82238D3570050715D /* XGNewTopicRecommendListViewModel.swift in Sources */ = {isa = PBXBuildFile; fileRef = 8C0F74F72238D3570050715D /* XGNewTopicRecommendListViewModel.swift */; };
		8C3FE08222368DF300CAF4B0 /* UIColor+Extension.swift in Sources */ = {isa = PBXBuildFile; fileRef = 8C3FE07622368DF300CAF4B0 /* UIColor+Extension.swift */; };
		8C3FE08322368DF300CAF4B0 /* UILabel+Extension.swift in Sources */ = {isa = PBXBuildFile; fileRef = 8C3FE07722368DF300CAF4B0 /* UILabel+Extension.swift */; };
		8C3FE08422368DF300CAF4B0 /* UIButton+Extension.swift in Sources */ = {isa = PBXBuildFile; fileRef = 8C3FE07822368DF300CAF4B0 /* UIButton+Extension.swift */; };
		8C3FE08522368DF300CAF4B0 /* UIView+Extension.swift in Sources */ = {isa = PBXBuildFile; fileRef = 8C3FE07922368DF300CAF4B0 /* UIView+Extension.swift */; };
		8C3FE08622368DF300CAF4B0 /* UIImage+Extension.swift in Sources */ = {isa = PBXBuildFile; fileRef = 8C3FE07A22368DF300CAF4B0 /* UIImage+Extension.swift */; };
		8C3FE08722368DF300CAF4B0 /* XGCommon.swift in Sources */ = {isa = PBXBuildFile; fileRef = 8C3FE07C22368DF300CAF4B0 /* XGCommon.swift */; };
		8C3FE08822368DF300CAF4B0 /* XGMainViewController.swift in Sources */ = {isa = PBXBuildFile; fileRef = 8C3FE08122368DF300CAF4B0 /* XGMainViewController.swift */; };
		8C3FE08A223691BB00CAF4B0 /* XGNewTopicViewController.swift in Sources */ = {isa = PBXBuildFile; fileRef = 8C3FE089223691BB00CAF4B0 /* XGNewTopicViewController.swift */; };
		8C3FE08C223691DB00CAF4B0 /* XGEssenceViewController.swift in Sources */ = {isa = PBXBuildFile; fileRef = 8C3FE08B223691DB00CAF4B0 /* XGEssenceViewController.swift */; };
		8C3FE08E223691EA00CAF4B0 /* XGFocusViewController.swift in Sources */ = {isa = PBXBuildFile; fileRef = 8C3FE08D223691EA00CAF4B0 /* XGFocusViewController.swift */; };
		8C3FE090223691FE00CAF4B0 /* XGMineTableViewController.swift in Sources */ = {isa = PBXBuildFile; fileRef = 8C3FE08F223691FE00CAF4B0 /* XGMineTableViewController.swift */; };
		8C3FE09C22369DA200CAF4B0 /* XGPictureTableViewController.swift in Sources */ = {isa = PBXBuildFile; fileRef = 8C3FE09B22369DA200CAF4B0 /* XGPictureTableViewController.swift */; };
		8C3FE09E22369DAB00CAF4B0 /* XGVideoTableViewController.swift in Sources */ = {isa = PBXBuildFile; fileRef = 8C3FE09D22369DAB00CAF4B0 /* XGVideoTableViewController.swift */; };
		8C3FE0A022369DB200CAF4B0 /* XGVoiceTableViewController.swift in Sources */ = {isa = PBXBuildFile; fileRef = 8C3FE09F22369DB200CAF4B0 /* XGVoiceTableViewController.swift */; };
		8C3FE0A222369DBB00CAF4B0 /* XGWordTableViewController.swift in Sources */ = {isa = PBXBuildFile; fileRef = 8C3FE0A122369DBB00CAF4B0 /* XGWordTableViewController.swift */; };
		8C3FE0A422369DC300CAF4B0 /* XGAllTableViewController.swift in Sources */ = {isa = PBXBuildFile; fileRef = 8C3FE0A322369DC300CAF4B0 /* XGAllTableViewController.swift */; };
		8C4A2E9E223687F800108DE1 /* AppDelegate.swift in Sources */ = {isa = PBXBuildFile; fileRef = 8C4A2E9D223687F800108DE1 /* AppDelegate.swift */; };
		8C9CBD3F223733CF0042BA21 /* XGNetworkManager.swift in Sources */ = {isa = PBXBuildFile; fileRef = 8C9CBD3E223733CF0042BA21 /* XGNetworkManager.swift */; };
		8C9CBD422237361A0042BA21 /* XGDataManager.swift in Sources */ = {isa = PBXBuildFile; fileRef = 8C9CBD412237361A0042BA21 /* XGDataManager.swift */; };
		8C9CBD44223738890042BA21 /* XGTopicModel.swift in Sources */ = {isa = PBXBuildFile; fileRef = 8C9CBD43223738890042BA21 /* XGTopicModel.swift */; };
		8C9CBD4622373C140042BA21 /* XGUserModel.swift in Sources */ = {isa = PBXBuildFile; fileRef = 8C9CBD4522373C140042BA21 /* XGUserModel.swift */; };
		8C9CBD4822373C7F0042BA21 /* XGHotCommentModel.swift in Sources */ = {isa = PBXBuildFile; fileRef = 8C9CBD4722373C7F0042BA21 /* XGHotCommentModel.swift */; };
		8C9CBD4A22373E150042BA21 /* XGTopicListViewModel.swift in Sources */ = {isa = PBXBuildFile; fileRef = 8C9CBD4922373E150042BA21 /* XGTopicListViewModel.swift */; };
		8C9CBD4C22373EC80042BA21 /* XGTopicViewModel.swift in Sources */ = {isa = PBXBuildFile; fileRef = 8C9CBD4B22373EC80042BA21 /* XGTopicViewModel.swift */; };
		8CB5F57222368C2C009D7A10 /* Assets.xcassets in Resources */ = {isa = PBXBuildFile; fileRef = 8CB5F57122368C2C009D7A10 /* Assets.xcassets */; };
		8CD5D2DD22376AF9009A5BD7 /* XGBaseTopicTableViewCell.swift in Sources */ = {isa = PBXBuildFile; fileRef = 8CD5D2DC22376AF9009A5BD7 /* XGBaseTopicTableViewCell.swift */; };
		8CD5D2E022376BE0009A5BD7 /* XGTopicCellTopView.swift in Sources */ = {isa = PBXBuildFile; fileRef = 8CD5D2DF22376BE0009A5BD7 /* XGTopicCellTopView.swift */; };
		8CD5D2E222376BEC009A5BD7 /* XGTopicCellTopView.xib in Resources */ = {isa = PBXBuildFile; fileRef = 8CD5D2E122376BEC009A5BD7 /* XGTopicCellTopView.xib */; };
		8CD5D2E4223776FA009A5BD7 /* XGImageCacheManager.swift in Sources */ = {isa = PBXBuildFile; fileRef = 8CD5D2E3223776FA009A5BD7 /* XGImageCacheManager.swift */; };
		8CD5D2E622379BD5009A5BD7 /* XGTopicCellBottomView.swift in Sources */ = {isa = PBXBuildFile; fileRef = 8CD5D2E522379BD5009A5BD7 /* XGTopicCellBottomView.swift */; };
		8CD5D2E822379BF8009A5BD7 /* XGTopicCellBottomView.xib in Resources */ = {isa = PBXBuildFile; fileRef = 8CD5D2E722379BF8009A5BD7 /* XGTopicCellBottomView.xib */; };
		8CD5D2FF2237B0E3009A5BD7 /* XGHotCommentView.swift in Sources */ = {isa = PBXBuildFile; fileRef = 8CD5D2FE2237B0E3009A5BD7 /* XGHotCommentView.swift */; };
		8CD5D3012237B0F0009A5BD7 /* XGHotCommentView.xib in Resources */ = {isa = PBXBuildFile; fileRef = 8CD5D3002237B0F0009A5BD7 /* XGHotCommentView.xib */; };
		8CD5D3032237C478009A5BD7 /* XGPictureTopicCellView.swift in Sources */ = {isa = PBXBuildFile; fileRef = 8CD5D3022237C478009A5BD7 /* XGPictureTopicCellView.swift */; };
		8CD5D3052237C483009A5BD7 /* XGPictureTopicCellView.xib in Resources */ = {isa = PBXBuildFile; fileRef = 8CD5D3042237C483009A5BD7 /* XGPictureTopicCellView.xib */; };
		8CD5D3072237C90C009A5BD7 /* XGPictureTopicTableViewCell.swift in Sources */ = {isa = PBXBuildFile; fileRef = 8CD5D3062237C90C009A5BD7 /* XGPictureTopicTableViewCell.swift */; };
		8CD5D3092237CA3F009A5BD7 /* XGTopicTableViewController.swift in Sources */ = {isa = PBXBuildFile; fileRef = 8CD5D3082237CA3F009A5BD7 /* XGTopicTableViewController.swift */; };
		8CD5D30B2237CBE2009A5BD7 /* XGVideoTopicTableViewCell.swift in Sources */ = {isa = PBXBuildFile; fileRef = 8CD5D30A2237CBE2009A5BD7 /* XGVideoTopicTableViewCell.swift */; };
		8CD5D30D2237CBF6009A5BD7 /* XGVoiceTopicTableViewCell.swift in Sources */ = {isa = PBXBuildFile; fileRef = 8CD5D30C2237CBF6009A5BD7 /* XGVoiceTopicTableViewCell.swift */; };
		8CD5D30F2237CC05009A5BD7 /* XGWordTopicTableViewCell.swift in Sources */ = {isa = PBXBuildFile; fileRef = 8CD5D30E2237CC05009A5BD7 /* XGWordTopicTableViewCell.swift */; };
		8CD5D3132237EBB6009A5BD7 /* XGVideoTopicCellView.swift in Sources */ = {isa = PBXBuildFile; fileRef = 8CD5D3122237EBB6009A5BD7 /* XGVideoTopicCellView.swift */; };
		8CD5D3152237EBC3009A5BD7 /* XGVoiceTopicCellView.swift in Sources */ = {isa = PBXBuildFile; fileRef = 8CD5D3142237EBC3009A5BD7 /* XGVoiceTopicCellView.swift */; };
		8CD5D3172237EBD4009A5BD7 /* XGVideoTopicCellView.xib in Resources */ = {isa = PBXBuildFile; fileRef = 8CD5D3162237EBD4009A5BD7 /* XGVideoTopicCellView.xib */; };
/* End PBXBuildFile section */

/* Begin PBXFileReference section */
		1E3FC2A792F29E37B5F15D78 /* Pods-Funny.release.xcconfig */ = {isa = PBXFileReference; includeInIndex = 1; lastKnownFileType = text.xcconfig; name = "Pods-Funny.release.xcconfig"; path = "Target Support Files/Pods-Funny/Pods-Funny.release.xcconfig"; sourceTree = "<group>"; };
		6169A5BE55DA4D17666F389D /* Pods_Funny.framework */ = {isa = PBXFileReference; explicitFileType = wrapper.framework; includeInIndex = 0; path = Pods_Funny.framework; sourceTree = BUILT_PRODUCTS_DIR; };
		8C0F74EF2238BCEC0050715D /* XGVoiceTopicCellView.xib */ = {isa = PBXFileReference; lastKnownFileType = file.xib; path = XGVoiceTopicCellView.xib; sourceTree = "<group>"; };
		8C0F74F12238CB8D0050715D /* XGNavigationController.swift */ = {isa = PBXFileReference; fileEncoding = 4; lastKnownFileType = sourcecode.swift; path = XGNavigationController.swift; sourceTree = "<group>"; };
		8C0F74F32238CFB20050715D /* XGNewTopicRecommendTableViewController.swift */ = {isa = PBXFileReference; lastKnownFileType = sourcecode.swift; path = XGNewTopicRecommendTableViewController.swift; sourceTree = "<group>"; };
		8C0F74F52238D0FF0050715D /* XGNewTopicRecommendModel.swift */ = {isa = PBXFileReference; lastKnownFileType = sourcecode.swift; path = XGNewTopicRecommendModel.swift; sourceTree = "<group>"; };
		8C0F74F72238D3570050715D /* XGNewTopicRecommendListViewModel.swift */ = {isa = PBXFileReference; lastKnownFileType = sourcecode.swift; path = XGNewTopicRecommendListViewModel.swift; sourceTree = "<group>"; };
		8C3FE07622368DF300CAF4B0 /* UIColor+Extension.swift */ = {isa = PBXFileReference; fileEncoding = 4; lastKnownFileType = sourcecode.swift; path = "UIColor+Extension.swift"; sourceTree = "<group>"; };
		8C3FE07722368DF300CAF4B0 /* UILabel+Extension.swift */ = {isa = PBXFileReference; fileEncoding = 4; lastKnownFileType = sourcecode.swift; path = "UILabel+Extension.swift"; sourceTree = "<group>"; };
		8C3FE07822368DF300CAF4B0 /* UIButton+Extension.swift */ = {isa = PBXFileReference; fileEncoding = 4; lastKnownFileType = sourcecode.swift; path = "UIButton+Extension.swift"; sourceTree = "<group>"; };
		8C3FE07922368DF300CAF4B0 /* UIView+Extension.swift */ = {isa = PBXFileReference; fileEncoding = 4; lastKnownFileType = sourcecode.swift; path = "UIView+Extension.swift"; sourceTree = "<group>"; };
		8C3FE07A22368DF300CAF4B0 /* UIImage+Extension.swift */ = {isa = PBXFileReference; fileEncoding = 4; lastKnownFileType = sourcecode.swift; path = "UIImage+Extension.swift"; sourceTree = "<group>"; };
		8C3FE07C22368DF300CAF4B0 /* XGCommon.swift */ = {isa = PBXFileReference; fileEncoding = 4; lastKnownFileType = sourcecode.swift; path = XGCommon.swift; sourceTree = "<group>"; };
		8C3FE08122368DF300CAF4B0 /* XGMainViewController.swift */ = {isa = PBXFileReference; fileEncoding = 4; lastKnownFileType = sourcecode.swift; path = XGMainViewController.swift; sourceTree = "<group>"; };
		8C3FE089223691BB00CAF4B0 /* XGNewTopicViewController.swift */ = {isa = PBXFileReference; lastKnownFileType = sourcecode.swift; path = XGNewTopicViewController.swift; sourceTree = "<group>"; };
		8C3FE08B223691DB00CAF4B0 /* XGEssenceViewController.swift */ = {isa = PBXFileReference; lastKnownFileType = sourcecode.swift; path = XGEssenceViewController.swift; sourceTree = "<group>"; };
		8C3FE08D223691EA00CAF4B0 /* XGFocusViewController.swift */ = {isa = PBXFileReference; lastKnownFileType = sourcecode.swift; path = XGFocusViewController.swift; sourceTree = "<group>"; };
		8C3FE08F223691FE00CAF4B0 /* XGMineTableViewController.swift */ = {isa = PBXFileReference; lastKnownFileType = sourcecode.swift; path = XGMineTableViewController.swift; sourceTree = "<group>"; };
		8C3FE09B22369DA200CAF4B0 /* XGPictureTableViewController.swift */ = {isa = PBXFileReference; lastKnownFileType = sourcecode.swift; path = XGPictureTableViewController.swift; sourceTree = "<group>"; };
		8C3FE09D22369DAB00CAF4B0 /* XGVideoTableViewController.swift */ = {isa = PBXFileReference; lastKnownFileType = sourcecode.swift; path = XGVideoTableViewController.swift; sourceTree = "<group>"; };
		8C3FE09F22369DB200CAF4B0 /* XGVoiceTableViewController.swift */ = {isa = PBXFileReference; lastKnownFileType = sourcecode.swift; path = XGVoiceTableViewController.swift; sourceTree = "<group>"; };
		8C3FE0A122369DBB00CAF4B0 /* XGWordTableViewController.swift */ = {isa = PBXFileReference; lastKnownFileType = sourcecode.swift; path = XGWordTableViewController.swift; sourceTree = "<group>"; };
		8C3FE0A322369DC300CAF4B0 /* XGAllTableViewController.swift */ = {isa = PBXFileReference; lastKnownFileType = sourcecode.swift; path = XGAllTableViewController.swift; sourceTree = "<group>"; };
		8C4A2E9A223687F800108DE1 /* Funny.app */ = {isa = PBXFileReference; explicitFileType = wrapper.application; includeInIndex = 0; path = Funny.app; sourceTree = BUILT_PRODUCTS_DIR; };
		8C4A2E9D223687F800108DE1 /* AppDelegate.swift */ = {isa = PBXFileReference; lastKnownFileType = sourcecode.swift; path = AppDelegate.swift; sourceTree = "<group>"; };
		8C4A2EA9223687F900108DE1 /* Info.plist */ = {isa = PBXFileReference; lastKnownFileType = text.plist.xml; path = Info.plist; sourceTree = "<group>"; };
		8C9CBD3E223733CF0042BA21 /* XGNetworkManager.swift */ = {isa = PBXFileReference; fileEncoding = 4; lastKnownFileType = sourcecode.swift; path = XGNetworkManager.swift; sourceTree = "<group>"; };
		8C9CBD412237361A0042BA21 /* XGDataManager.swift */ = {isa = PBXFileReference; lastKnownFileType = sourcecode.swift; path = XGDataManager.swift; sourceTree = "<group>"; };
		8C9CBD43223738890042BA21 /* XGTopicModel.swift */ = {isa = PBXFileReference; lastKnownFileType = sourcecode.swift; path = XGTopicModel.swift; sourceTree = "<group>"; };
		8C9CBD4522373C140042BA21 /* XGUserModel.swift */ = {isa = PBXFileReference; lastKnownFileType = sourcecode.swift; path = XGUserModel.swift; sourceTree = "<group>"; };
		8C9CBD4722373C7F0042BA21 /* XGHotCommentModel.swift */ = {isa = PBXFileReference; lastKnownFileType = sourcecode.swift; path = XGHotCommentModel.swift; sourceTree = "<group>"; };
		8C9CBD4922373E150042BA21 /* XGTopicListViewModel.swift */ = {isa = PBXFileReference; lastKnownFileType = sourcecode.swift; path = XGTopicListViewModel.swift; sourceTree = "<group>"; };
		8C9CBD4B22373EC80042BA21 /* XGTopicViewModel.swift */ = {isa = PBXFileReference; lastKnownFileType = sourcecode.swift; path = XGTopicViewModel.swift; sourceTree = "<group>"; };
		8CB5F57122368C2C009D7A10 /* Assets.xcassets */ = {isa = PBXFileReference; lastKnownFileType = folder.assetcatalog; path = Assets.xcassets; sourceTree = "<group>"; };
		8CD5D2DC22376AF9009A5BD7 /* XGBaseTopicTableViewCell.swift */ = {isa = PBXFileReference; lastKnownFileType = sourcecode.swift; path = XGBaseTopicTableViewCell.swift; sourceTree = "<group>"; };
		8CD5D2DF22376BE0009A5BD7 /* XGTopicCellTopView.swift */ = {isa = PBXFileReference; lastKnownFileType = sourcecode.swift; path = XGTopicCellTopView.swift; sourceTree = "<group>"; };
		8CD5D2E122376BEC009A5BD7 /* XGTopicCellTopView.xib */ = {isa = PBXFileReference; lastKnownFileType = file.xib; path = XGTopicCellTopView.xib; sourceTree = "<group>"; };
		8CD5D2E3223776FA009A5BD7 /* XGImageCacheManager.swift */ = {isa = PBXFileReference; fileEncoding = 4; lastKnownFileType = sourcecode.swift; path = XGImageCacheManager.swift; sourceTree = "<group>"; };
		8CD5D2E522379BD5009A5BD7 /* XGTopicCellBottomView.swift */ = {isa = PBXFileReference; lastKnownFileType = sourcecode.swift; path = XGTopicCellBottomView.swift; sourceTree = "<group>"; };
		8CD5D2E722379BF8009A5BD7 /* XGTopicCellBottomView.xib */ = {isa = PBXFileReference; lastKnownFileType = file.xib; path = XGTopicCellBottomView.xib; sourceTree = "<group>"; };
		8CD5D2FE2237B0E3009A5BD7 /* XGHotCommentView.swift */ = {isa = PBXFileReference; lastKnownFileType = sourcecode.swift; path = XGHotCommentView.swift; sourceTree = "<group>"; };
		8CD5D3002237B0F0009A5BD7 /* XGHotCommentView.xib */ = {isa = PBXFileReference; lastKnownFileType = file.xib; path = XGHotCommentView.xib; sourceTree = "<group>"; };
		8CD5D3022237C478009A5BD7 /* XGPictureTopicCellView.swift */ = {isa = PBXFileReference; lastKnownFileType = sourcecode.swift; path = XGPictureTopicCellView.swift; sourceTree = "<group>"; };
		8CD5D3042237C483009A5BD7 /* XGPictureTopicCellView.xib */ = {isa = PBXFileReference; lastKnownFileType = file.xib; path = XGPictureTopicCellView.xib; sourceTree = "<group>"; };
		8CD5D3062237C90C009A5BD7 /* XGPictureTopicTableViewCell.swift */ = {isa = PBXFileReference; lastKnownFileType = sourcecode.swift; path = XGPictureTopicTableViewCell.swift; sourceTree = "<group>"; };
		8CD5D3082237CA3F009A5BD7 /* XGTopicTableViewController.swift */ = {isa = PBXFileReference; lastKnownFileType = sourcecode.swift; path = XGTopicTableViewController.swift; sourceTree = "<group>"; };
		8CD5D30A2237CBE2009A5BD7 /* XGVideoTopicTableViewCell.swift */ = {isa = PBXFileReference; lastKnownFileType = sourcecode.swift; path = XGVideoTopicTableViewCell.swift; sourceTree = "<group>"; };
		8CD5D30C2237CBF6009A5BD7 /* XGVoiceTopicTableViewCell.swift */ = {isa = PBXFileReference; lastKnownFileType = sourcecode.swift; path = XGVoiceTopicTableViewCell.swift; sourceTree = "<group>"; };
		8CD5D30E2237CC05009A5BD7 /* XGWordTopicTableViewCell.swift */ = {isa = PBXFileReference; lastKnownFileType = sourcecode.swift; path = XGWordTopicTableViewCell.swift; sourceTree = "<group>"; };
		8CD5D3122237EBB6009A5BD7 /* XGVideoTopicCellView.swift */ = {isa = PBXFileReference; lastKnownFileType = sourcecode.swift; path = XGVideoTopicCellView.swift; sourceTree = "<group>"; };
		8CD5D3142237EBC3009A5BD7 /* XGVoiceTopicCellView.swift */ = {isa = PBXFileReference; lastKnownFileType = sourcecode.swift; path = XGVoiceTopicCellView.swift; sourceTree = "<group>"; };
		8CD5D3162237EBD4009A5BD7 /* XGVideoTopicCellView.xib */ = {isa = PBXFileReference; lastKnownFileType = file.xib; path = XGVideoTopicCellView.xib; sourceTree = "<group>"; };
		BF8B5809719FF8054333F056 /* Pods-Funny.debug.xcconfig */ = {isa = PBXFileReference; includeInIndex = 1; lastKnownFileType = text.xcconfig; name = "Pods-Funny.debug.xcconfig"; path = "Target Support Files/Pods-Funny/Pods-Funny.debug.xcconfig"; sourceTree = "<group>"; };
/* End PBXFileReference section */

/* Begin PBXFrameworksBuildPhase section */
		8C4A2E97223687F800108DE1 /* Frameworks */ = {
			isa = PBXFrameworksBuildPhase;
			buildActionMask = 2147483647;
			files = (
				6A1D5AC25020DC3B30150EBE /* Pods_Funny.framework in Frameworks */,
			);
			runOnlyForDeploymentPostprocessing = 0;
		};
/* End PBXFrameworksBuildPhase section */

/* Begin PBXGroup section */
		8C3FE05F22368DF300CAF4B0 /* Classes */ = {
			isa = PBXGroup;
			children = (
				8C3FE06022368DF300CAF4B0 /* Essence(精华) */,
				8C3FE06422368DF300CAF4B0 /* Compose(发布) */,
				8C3FE06822368DF300CAF4B0 /* Focus(关注) */,
				8C3FE06C22368DF300CAF4B0 /* Mine(我的) */,
				8C3FE07022368DF300CAF4B0 /* New(新帖) */,
				8C3FE07422368DF300CAF4B0 /* Other(其他) */,
				8C3FE07D22368DF300CAF4B0 /* Main(主要) */,
			);
			path = Classes;
			sourceTree = "<group>";
		};
		8C3FE06022368DF300CAF4B0 /* Essence(精华) */ = {
			isa = PBXGroup;
			children = (
				8C3FE06122368DF300CAF4B0 /* ViewModel */,
				8C3FE06222368DF300CAF4B0 /* Model */,
				8C3FE06322368DF300CAF4B0 /* View */,
			);
			path = "Essence(精华)";
			sourceTree = "<group>";
		};
		8C3FE06122368DF300CAF4B0 /* ViewModel */ = {
			isa = PBXGroup;
			children = (
				8C9CBD4B22373EC80042BA21 /* XGTopicViewModel.swift */,
				8C9CBD4922373E150042BA21 /* XGTopicListViewModel.swift */,
			);
			path = ViewModel;
			sourceTree = "<group>";
		};
		8C3FE06222368DF300CAF4B0 /* Model */ = {
			isa = PBXGroup;
			children = (
				8C9CBD4522373C140042BA21 /* XGUserModel.swift */,
				8C9CBD4722373C7F0042BA21 /* XGHotCommentModel.swift */,
				8C9CBD43223738890042BA21 /* XGTopicModel.swift */,
			);
			path = Model;
			sourceTree = "<group>";
		};
		8C3FE06322368DF300CAF4B0 /* View */ = {
			isa = PBXGroup;
			children = (
				8CD5D2DE22376BAC009A5BD7 /* Cell */,
				8C3FE09622369D3F00CAF4B0 /* Picture */,
				8C3FE09722369D3F00CAF4B0 /* Voice */,
				8C3FE09322369D3F00CAF4B0 /* Video */,
				8C3FE09522369D3F00CAF4B0 /* Word */,
				8C3FE09122369AD800CAF4B0 /* All */,
				8CD5D3082237CA3F009A5BD7 /* XGTopicTableViewController.swift */,
				8C3FE08B223691DB00CAF4B0 /* XGEssenceViewController.swift */,
			);
			path = View;
			sourceTree = "<group>";
		};
		8C3FE06422368DF300CAF4B0 /* Compose(发布) */ = {
			isa = PBXGroup;
			children = (
				8C3FE06522368DF300CAF4B0 /* ViewModel */,
				8C3FE06622368DF300CAF4B0 /* Model */,
				8C3FE06722368DF300CAF4B0 /* View */,
			);
			path = "Compose(发布)";
			sourceTree = "<group>";
		};
		8C3FE06522368DF300CAF4B0 /* ViewModel */ = {
			isa = PBXGroup;
			children = (
			);
			path = ViewModel;
			sourceTree = "<group>";
		};
		8C3FE06622368DF300CAF4B0 /* Model */ = {
			isa = PBXGroup;
			children = (
			);
			path = Model;
			sourceTree = "<group>";
		};
		8C3FE06722368DF300CAF4B0 /* View */ = {
			isa = PBXGroup;
			children = (
			);
			path = View;
			sourceTree = "<group>";
		};
		8C3FE06822368DF300CAF4B0 /* Focus(关注) */ = {
			isa = PBXGroup;
			children = (
				8C3FE06922368DF300CAF4B0 /* ViewModel */,
				8C3FE06A22368DF300CAF4B0 /* Model */,
				8C3FE06B22368DF300CAF4B0 /* View */,
			);
			path = "Focus(关注)";
			sourceTree = "<group>";
		};
		8C3FE06922368DF300CAF4B0 /* ViewModel */ = {
			isa = PBXGroup;
			children = (
			);
			path = ViewModel;
			sourceTree = "<group>";
		};
		8C3FE06A22368DF300CAF4B0 /* Model */ = {
			isa = PBXGroup;
			children = (
			);
			path = Model;
			sourceTree = "<group>";
		};
		8C3FE06B22368DF300CAF4B0 /* View */ = {
			isa = PBXGroup;
			children = (
				8C3FE08D223691EA00CAF4B0 /* XGFocusViewController.swift */,
			);
			path = View;
			sourceTree = "<group>";
		};
		8C3FE06C22368DF300CAF4B0 /* Mine(我的) */ = {
			isa = PBXGroup;
			children = (
				8C3FE06D22368DF300CAF4B0 /* ViewModel */,
				8C3FE06E22368DF300CAF4B0 /* Model */,
				8C3FE06F22368DF300CAF4B0 /* View */,
			);
			path = "Mine(我的)";
			sourceTree = "<group>";
		};
		8C3FE06D22368DF300CAF4B0 /* ViewModel */ = {
			isa = PBXGroup;
			children = (
			);
			path = ViewModel;
			sourceTree = "<group>";
		};
		8C3FE06E22368DF300CAF4B0 /* Model */ = {
			isa = PBXGroup;
			children = (
			);
			path = Model;
			sourceTree = "<group>";
		};
		8C3FE06F22368DF300CAF4B0 /* View */ = {
			isa = PBXGroup;
			children = (
				8C3FE08F223691FE00CAF4B0 /* XGMineTableViewController.swift */,
			);
			path = View;
			sourceTree = "<group>";
		};
		8C3FE07022368DF300CAF4B0 /* New(新帖) */ = {
			isa = PBXGroup;
			children = (
				8C3FE07122368DF300CAF4B0 /* ViewModel */,
				8C3FE07222368DF300CAF4B0 /* Model */,
				8C3FE07322368DF300CAF4B0 /* View */,
			);
			path = "New(新帖)";
			sourceTree = "<group>";
		};
		8C3FE07122368DF300CAF4B0 /* ViewModel */ = {
			isa = PBXGroup;
			children = (
				8C0F74F72238D3570050715D /* XGNewTopicRecommendListViewModel.swift */,
			);
			path = ViewModel;
			sourceTree = "<group>";
		};
		8C3FE07222368DF300CAF4B0 /* Model */ = {
			isa = PBXGroup;
			children = (
				8C0F74F52238D0FF0050715D /* XGNewTopicRecommendModel.swift */,
			);
			path = Model;
			sourceTree = "<group>";
		};
		8C3FE07322368DF300CAF4B0 /* View */ = {
			isa = PBXGroup;
			children = (
				8C3FE089223691BB00CAF4B0 /* XGNewTopicViewController.swift */,
				8C0F74F32238CFB20050715D /* XGNewTopicRecommendTableViewController.swift */,
			);
			path = View;
			sourceTree = "<group>";
		};
		8C3FE07422368DF300CAF4B0 /* Other(其他) */ = {
			isa = PBXGroup;
			children = (
				8C9CBD3D223733A90042BA21 /* Tools */,
				8C3FE07522368DF300CAF4B0 /* Category */,
				8C3FE07B22368DF300CAF4B0 /* Common */,
			);
			path = "Other(其他)";
			sourceTree = "<group>";
		};
		8C3FE07522368DF300CAF4B0 /* Category */ = {
			isa = PBXGroup;
			children = (
				8C3FE07622368DF300CAF4B0 /* UIColor+Extension.swift */,
				8C3FE07722368DF300CAF4B0 /* UILabel+Extension.swift */,
				8C3FE07822368DF300CAF4B0 /* UIButton+Extension.swift */,
				8C3FE07922368DF300CAF4B0 /* UIView+Extension.swift */,
				8C3FE07A22368DF300CAF4B0 /* UIImage+Extension.swift */,
			);
			path = Category;
			sourceTree = "<group>";
		};
		8C3FE07B22368DF300CAF4B0 /* Common */ = {
			isa = PBXGroup;
			children = (
				8C3FE07C22368DF300CAF4B0 /* XGCommon.swift */,
			);
			path = Common;
			sourceTree = "<group>";
		};
		8C3FE07D22368DF300CAF4B0 /* Main(主要) */ = {
			isa = PBXGroup;
			children = (
				8C3FE07E22368DF300CAF4B0 /* ViewModel */,
				8C3FE07F22368DF300CAF4B0 /* Model */,
				8C3FE08022368DF300CAF4B0 /* View */,
			);
			path = "Main(主要)";
			sourceTree = "<group>";
		};
		8C3FE07E22368DF300CAF4B0 /* ViewModel */ = {
			isa = PBXGroup;
			children = (
			);
			path = ViewModel;
			sourceTree = "<group>";
		};
		8C3FE07F22368DF300CAF4B0 /* Model */ = {
			isa = PBXGroup;
			children = (
			);
			path = Model;
			sourceTree = "<group>";
		};
		8C3FE08022368DF300CAF4B0 /* View */ = {
			isa = PBXGroup;
			children = (
				8C0F74F12238CB8D0050715D /* XGNavigationController.swift */,
				8C3FE08122368DF300CAF4B0 /* XGMainViewController.swift */,
			);
			path = View;
			sourceTree = "<group>";
		};
		8C3FE09122369AD800CAF4B0 /* All */ = {
			isa = PBXGroup;
			children = (
				8C3FE0A322369DC300CAF4B0 /* XGAllTableViewController.swift */,
			);
			path = All;
			sourceTree = "<group>";
		};
		8C3FE09322369D3F00CAF4B0 /* Video */ = {
			isa = PBXGroup;
			children = (
				8CD5D3162237EBD4009A5BD7 /* XGVideoTopicCellView.xib */,
				8CD5D3122237EBB6009A5BD7 /* XGVideoTopicCellView.swift */,
				8CD5D30A2237CBE2009A5BD7 /* XGVideoTopicTableViewCell.swift */,
				8C3FE09D22369DAB00CAF4B0 /* XGVideoTableViewController.swift */,
			);
			path = Video;
			sourceTree = "<group>";
		};
		8C3FE09522369D3F00CAF4B0 /* Word */ = {
			isa = PBXGroup;
			children = (
				8CD5D30E2237CC05009A5BD7 /* XGWordTopicTableViewCell.swift */,
				8C3FE0A122369DBB00CAF4B0 /* XGWordTableViewController.swift */,
			);
			path = Word;
			sourceTree = "<group>";
		};
		8C3FE09622369D3F00CAF4B0 /* Picture */ = {
			isa = PBXGroup;
			children = (
				8CD5D3042237C483009A5BD7 /* XGPictureTopicCellView.xib */,
				8CD5D3022237C478009A5BD7 /* XGPictureTopicCellView.swift */,
				8CD5D3062237C90C009A5BD7 /* XGPictureTopicTableViewCell.swift */,
				8C3FE09B22369DA200CAF4B0 /* XGPictureTableViewController.swift */,
			);
			path = Picture;
			sourceTree = "<group>";
		};
		8C3FE09722369D3F00CAF4B0 /* Voice */ = {
			isa = PBXGroup;
			children = (
				8C0F74EF2238BCEC0050715D /* XGVoiceTopicCellView.xib */,
				8CD5D3142237EBC3009A5BD7 /* XGVoiceTopicCellView.swift */,
				8CD5D30C2237CBF6009A5BD7 /* XGVoiceTopicTableViewCell.swift */,
				8C3FE09F22369DB200CAF4B0 /* XGVoiceTableViewController.swift */,
			);
			path = Voice;
			sourceTree = "<group>";
		};
		8C4A2E91223687F800108DE1 = {
			isa = PBXGroup;
			children = (
				8C4A2E9C223687F800108DE1 /* Funny */,
				8C4A2E9B223687F800108DE1 /* Products */,
				8C6D774E89EB2F7FFB8CA687 /* Pods */,
				EBD9C81FA56CA903739E59F1 /* Frameworks */,
			);
			sourceTree = "<group>";
		};
		8C4A2E9B223687F800108DE1 /* Products */ = {
			isa = PBXGroup;
			children = (
				8C4A2E9A223687F800108DE1 /* Funny.app */,
			);
			name = Products;
			sourceTree = "<group>";
		};
		8C4A2E9C223687F800108DE1 /* Funny */ = {
			isa = PBXGroup;
			children = (
				8C3FE05F22368DF300CAF4B0 /* Classes */,
				8CB5F55822368A76009D7A10 /* Supporting Files */,
				8C4A2E9D223687F800108DE1 /* AppDelegate.swift */,
			);
			path = Funny;
			sourceTree = "<group>";
		};
		8C6D774E89EB2F7FFB8CA687 /* Pods */ = {
			isa = PBXGroup;
			children = (
				BF8B5809719FF8054333F056 /* Pods-Funny.debug.xcconfig */,
				1E3FC2A792F29E37B5F15D78 /* Pods-Funny.release.xcconfig */,
			);
			path = Pods;
			sourceTree = "<group>";
		};
		8C9CBD3D223733A90042BA21 /* Tools */ = {
			isa = PBXGroup;
			children = (
				8CD5D2E3223776FA009A5BD7 /* XGImageCacheManager.swift */,
				8C9CBD40223735DE0042BA21 /* Network */,
			);
			path = Tools;
			sourceTree = "<group>";
		};
		8C9CBD40223735DE0042BA21 /* Network */ = {
			isa = PBXGroup;
			children = (
				8C9CBD3E223733CF0042BA21 /* XGNetworkManager.swift */,
				8C9CBD412237361A0042BA21 /* XGDataManager.swift */,
			);
			path = Network;
			sourceTree = "<group>";
		};
		8CB5F55822368A76009D7A10 /* Supporting Files */ = {
			isa = PBXGroup;
			children = (
				8CB5F57122368C2C009D7A10 /* Assets.xcassets */,
				8C4A2EA9223687F900108DE1 /* Info.plist */,
			);
			path = "Supporting Files";
			sourceTree = "<group>";
		};
		8CD5D2DE22376BAC009A5BD7 /* Cell */ = {
			isa = PBXGroup;
			children = (
				8CD5D2E122376BEC009A5BD7 /* XGTopicCellTopView.xib */,
				8CD5D2DF22376BE0009A5BD7 /* XGTopicCellTopView.swift */,
				8CD5D2E722379BF8009A5BD7 /* XGTopicCellBottomView.xib */,
				8CD5D2E522379BD5009A5BD7 /* XGTopicCellBottomView.swift */,
				8CD5D3002237B0F0009A5BD7 /* XGHotCommentView.xib */,
				8CD5D2FE2237B0E3009A5BD7 /* XGHotCommentView.swift */,
				8CD5D2DC22376AF9009A5BD7 /* XGBaseTopicTableViewCell.swift */,
			);
			path = Cell;
			sourceTree = "<group>";
		};
		EBD9C81FA56CA903739E59F1 /* Frameworks */ = {
			isa = PBXGroup;
			children = (
				6169A5BE55DA4D17666F389D /* Pods_Funny.framework */,
			);
			name = Frameworks;
			sourceTree = "<group>";
		};
/* End PBXGroup section */

/* Begin PBXNativeTarget section */
		8C4A2E99223687F800108DE1 /* Funny */ = {
			isa = PBXNativeTarget;
			buildConfigurationList = 8C4A2EAC223687F900108DE1 /* Build configuration list for PBXNativeTarget "Funny" */;
			buildPhases = (
				AF49E5AD7E95649413FBBEC8 /* [CP] Check Pods Manifest.lock */,
				8C4A2E96223687F800108DE1 /* Sources */,
				8C4A2E97223687F800108DE1 /* Frameworks */,
				8C4A2E98223687F800108DE1 /* Resources */,
				0CE58F69A8CB3DC2C3A5355B /* [CP] Embed Pods Frameworks */,
			);
			buildRules = (
			);
			dependencies = (
			);
			name = Funny;
			productName = Funny;
			productReference = 8C4A2E9A223687F800108DE1 /* Funny.app */;
			productType = "com.apple.product-type.application";
		};
/* End PBXNativeTarget section */

/* Begin PBXProject section */
		8C4A2E92223687F800108DE1 /* Project object */ = {
			isa = PBXProject;
			attributes = {
				LastSwiftUpdateCheck = 1000;
				LastUpgradeCheck = 1000;
				ORGANIZATIONNAME = itcast;
				TargetAttributes = {
					8C4A2E99223687F800108DE1 = {
						CreatedOnToolsVersion = 10.0;
					};
				};
			};
			buildConfigurationList = 8C4A2E95223687F800108DE1 /* Build configuration list for PBXProject "Funny" */;
			compatibilityVersion = "Xcode 9.3";
			developmentRegion = en;
			hasScannedForEncodings = 0;
			knownRegions = (
				en,
				Base,
			);
			mainGroup = 8C4A2E91223687F800108DE1;
			productRefGroup = 8C4A2E9B223687F800108DE1 /* Products */;
			projectDirPath = "";
			projectRoot = "";
			targets = (
				8C4A2E99223687F800108DE1 /* Funny */,
			);
		};
/* End PBXProject section */

/* Begin PBXResourcesBuildPhase section */
		8C4A2E98223687F800108DE1 /* Resources */ = {
			isa = PBXResourcesBuildPhase;
			buildActionMask = 2147483647;
			files = (
				8C0F74F02238BCEC0050715D /* XGVoiceTopicCellView.xib in Resources */,
				8CB5F57222368C2C009D7A10 /* Assets.xcassets in Resources */,
				8CD5D3012237B0F0009A5BD7 /* XGHotCommentView.xib in Resources */,
				8CD5D2E222376BEC009A5BD7 /* XGTopicCellTopView.xib in Resources */,
				8CD5D3052237C483009A5BD7 /* XGPictureTopicCellView.xib in Resources */,
				8CD5D2E822379BF8009A5BD7 /* XGTopicCellBottomView.xib in Resources */,
				8CD5D3172237EBD4009A5BD7 /* XGVideoTopicCellView.xib in Resources */,
			);
			runOnlyForDeploymentPostprocessing = 0;
		};
/* End PBXResourcesBuildPhase section */

/* Begin PBXShellScriptBuildPhase section */
		0CE58F69A8CB3DC2C3A5355B /* [CP] Embed Pods Frameworks */ = {
			isa = PBXShellScriptBuildPhase;
			buildActionMask = 2147483647;
			files = (
			);
			inputFileListPaths = (
			);
			inputPaths = (
				"${PODS_ROOT}/Target Support Files/Pods-Funny/Pods-Funny-frameworks.sh",
				"${BUILT_PRODUCTS_DIR}/AFNetworking/AFNetworking.framework",
				"${BUILT_PRODUCTS_DIR}/FBRetainCycleDetector/FBRetainCycleDetector.framework",
				"${BUILT_PRODUCTS_DIR}/MJExtension/MJExtension.framework",
				"${BUILT_PRODUCTS_DIR}/MLeaksFinder/MLeaksFinder.framework",
				"${BUILT_PRODUCTS_DIR}/SDWebImage/SDWebImage.framework",
				"${BUILT_PRODUCTS_DIR}/SVProgressHUD/SVProgressHUD.framework",
				"${BUILT_PRODUCTS_DIR}/SnapKit/SnapKit.framework",
			);
			name = "[CP] Embed Pods Frameworks";
			outputFileListPaths = (
			);
			outputPaths = (
				"${TARGET_BUILD_DIR}/${FRAMEWORKS_FOLDER_PATH}/AFNetworking.framework",
				"${TARGET_BUILD_DIR}/${FRAMEWORKS_FOLDER_PATH}/FBRetainCycleDetector.framework",
				"${TARGET_BUILD_DIR}/${FRAMEWORKS_FOLDER_PATH}/MJExtension.framework",
				"${TARGET_BUILD_DIR}/${FRAMEWORKS_FOLDER_PATH}/MLeaksFinder.framework",
				"${TARGET_BUILD_DIR}/${FRAMEWORKS_FOLDER_PATH}/SDWebImage.framework",
				"${TARGET_BUILD_DIR}/${FRAMEWORKS_FOLDER_PATH}/SVProgressHUD.framework",
				"${TARGET_BUILD_DIR}/${FRAMEWORKS_FOLDER_PATH}/SnapKit.framework",
			);
			runOnlyForDeploymentPostprocessing = 0;
			shellPath = /bin/sh;
			shellScript = "\"${PODS_ROOT}/Target Support Files/Pods-Funny/Pods-Funny-frameworks.sh\"\n";
			showEnvVarsInLog = 0;
		};
		AF49E5AD7E95649413FBBEC8 /* [CP] Check Pods Manifest.lock */ = {
			isa = PBXShellScriptBuildPhase;
			buildActionMask = 2147483647;
			files = (
			);
			inputFileListPaths = (
			);
			inputPaths = (
				"${PODS_PODFILE_DIR_PATH}/Podfile.lock",
				"${PODS_ROOT}/Manifest.lock",
			);
			name = "[CP] Check Pods Manifest.lock";
			outputFileListPaths = (
			);
			outputPaths = (
				"$(DERIVED_FILE_DIR)/Pods-Funny-checkManifestLockResult.txt",
			);
			runOnlyForDeploymentPostprocessing = 0;
			shellPath = /bin/sh;
			shellScript = "diff \"${PODS_PODFILE_DIR_PATH}/Podfile.lock\" \"${PODS_ROOT}/Manifest.lock\" > /dev/null\nif [ $? != 0 ] ; then\n    # print error to STDERR\n    echo \"error: The sandbox is not in sync with the Podfile.lock. Run 'pod install' or update your CocoaPods installation.\" >&2\n    exit 1\nfi\n# This output is used by Xcode 'outputs' to avoid re-running this script phase.\necho \"SUCCESS\" > \"${SCRIPT_OUTPUT_FILE_0}\"\n";
			showEnvVarsInLog = 0;
		};
/* End PBXShellScriptBuildPhase section */

/* Begin PBXSourcesBuildPhase section */
		8C4A2E96223687F800108DE1 /* Sources */ = {
			isa = PBXSourcesBuildPhase;
			buildActionMask = 2147483647;
			files = (
				8CD5D3092237CA3F009A5BD7 /* XGTopicTableViewController.swift in Sources */,
				8C9CBD422237361A0042BA21 /* XGDataManager.swift in Sources */,
				8C3FE0A422369DC300CAF4B0 /* XGAllTableViewController.swift in Sources */,
				8CD5D3132237EBB6009A5BD7 /* XGVideoTopicCellView.swift in Sources */,
				8CD5D2DD22376AF9009A5BD7 /* XGBaseTopicTableViewCell.swift in Sources */,
				8C0F74F42238CFB20050715D /* XGNewTopicRecommendTableViewController.swift in Sources */,
				8C3FE08822368DF300CAF4B0 /* XGMainViewController.swift in Sources */,
				8C9CBD4A22373E150042BA21 /* XGTopicListViewModel.swift in Sources */,
				8CD5D2E022376BE0009A5BD7 /* XGTopicCellTopView.swift in Sources */,
				8C4A2E9E223687F800108DE1 /* AppDelegate.swift in Sources */,
				8C3FE0A022369DB200CAF4B0 /* XGVoiceTableViewController.swift in Sources */,
				8CD5D3032237C478009A5BD7 /* XGPictureTopicCellView.swift in Sources */,
				8CD5D2E622379BD5009A5BD7 /* XGTopicCellBottomView.swift in Sources */,
				8C3FE09E22369DAB00CAF4B0 /* XGVideoTableViewController.swift in Sources */,
				8C3FE08422368DF300CAF4B0 /* UIButton+Extension.swift in Sources */,
				8C3FE08722368DF300CAF4B0 /* XGCommon.swift in Sources */,
				8CD5D2E4223776FA009A5BD7 /* XGImageCacheManager.swift in Sources */,
				8C9CBD4822373C7F0042BA21 /* XGHotCommentModel.swift in Sources */,
				8C3FE08222368DF300CAF4B0 /* UIColor+Extension.swift in Sources */,
				8C3FE090223691FE00CAF4B0 /* XGMineTableViewController.swift in Sources */,
				8C3FE08622368DF300CAF4B0 /* UIImage+Extension.swift in Sources */,
				8C0F74F22238CB8D0050715D /* XGNavigationController.swift in Sources */,
				8CD5D2FF2237B0E3009A5BD7 /* XGHotCommentView.swift in Sources */,
				8C3FE08522368DF300CAF4B0 /* UIView+Extension.swift in Sources */,
				8C3FE08E223691EA00CAF4B0 /* XGFocusViewController.swift in Sources */,
				8C3FE08A223691BB00CAF4B0 /* XGNewTopicViewController.swift in Sources */,
				8C3FE0A222369DBB00CAF4B0 /* XGWordTableViewController.swift in Sources */,
				8C9CBD4622373C140042BA21 /* XGUserModel.swift in Sources */,
				8C0F74F62238D0FF0050715D /* XGNewTopicRecommendModel.swift in Sources */,
				8C3FE08C223691DB00CAF4B0 /* XGEssenceViewController.swift in Sources */,
				8CD5D3152237EBC3009A5BD7 /* XGVoiceTopicCellView.swift in Sources */,
				8C9CBD4C22373EC80042BA21 /* XGTopicViewModel.swift in Sources */,
				8C9CBD44223738890042BA21 /* XGTopicModel.swift in Sources */,
				8C3FE08322368DF300CAF4B0 /* UILabel+Extension.swift in Sources */,
				8C3FE09C22369DA200CAF4B0 /* XGPictureTableViewController.swift in Sources */,
				8CD5D30F2237CC05009A5BD7 /* XGWordTopicTableViewCell.swift in Sources */,
				8C0F74F82238D3570050715D /* XGNewTopicRecommendListViewModel.swift in Sources */,
				8C9CBD3F223733CF0042BA21 /* XGNetworkManager.swift in Sources */,
				8CD5D3072237C90C009A5BD7 /* XGPictureTopicTableViewCell.swift in Sources */,
				8CD5D30B2237CBE2009A5BD7 /* XGVideoTopicTableViewCell.swift in Sources */,
				8CD5D30D2237CBF6009A5BD7 /* XGVoiceTopicTableViewCell.swift in Sources */,
			);
			runOnlyForDeploymentPostprocessing = 0;
		};
/* End PBXSourcesBuildPhase section */

/* Begin XCBuildConfiguration section */
		8C4A2EAA223687F900108DE1 /* Debug */ = {
			isa = XCBuildConfiguration;
			buildSettings = {
				ALWAYS_SEARCH_USER_PATHS = NO;
				CLANG_ANALYZER_NONNULL = YES;
				CLANG_ANALYZER_NUMBER_OBJECT_CONVERSION = YES_AGGRESSIVE;
				CLANG_CXX_LANGUAGE_STANDARD = "gnu++14";
				CLANG_CXX_LIBRARY = "libc++";
				CLANG_ENABLE_MODULES = YES;
				CLANG_ENABLE_OBJC_ARC = YES;
				CLANG_ENABLE_OBJC_WEAK = YES;
				CLANG_WARN_BLOCK_CAPTURE_AUTORELEASING = YES;
				CLANG_WARN_BOOL_CONVERSION = YES;
				CLANG_WARN_COMMA = YES;
				CLANG_WARN_CONSTANT_CONVERSION = YES;
				CLANG_WARN_DEPRECATED_OBJC_IMPLEMENTATIONS = YES;
				CLANG_WARN_DIRECT_OBJC_ISA_USAGE = YES_ERROR;
				CLANG_WARN_DOCUMENTATION_COMMENTS = YES;
				CLANG_WARN_EMPTY_BODY = YES;
				CLANG_WARN_ENUM_CONVERSION = YES;
				CLANG_WARN_INFINITE_RECURSION = YES;
				CLANG_WARN_INT_CONVERSION = YES;
				CLANG_WARN_NON_LITERAL_NULL_CONVERSION = YES;
				CLANG_WARN_OBJC_IMPLICIT_RETAIN_SELF = YES;
				CLANG_WARN_OBJC_LITERAL_CONVERSION = YES;
				CLANG_WARN_OBJC_ROOT_CLASS = YES_ERROR;
				CLANG_WARN_RANGE_LOOP_ANALYSIS = YES;
				CLANG_WARN_STRICT_PROTOTYPES = YES;
				CLANG_WARN_SUSPICIOUS_MOVE = YES;
				CLANG_WARN_UNGUARDED_AVAILABILITY = YES_AGGRESSIVE;
				CLANG_WARN_UNREACHABLE_CODE = YES;
				CLANG_WARN__DUPLICATE_METHOD_MATCH = YES;
				CODE_SIGN_IDENTITY = "iPhone Developer";
				COPY_PHASE_STRIP = NO;
				DEBUG_INFORMATION_FORMAT = dwarf;
				ENABLE_STRICT_OBJC_MSGSEND = YES;
				ENABLE_TESTABILITY = YES;
				GCC_C_LANGUAGE_STANDARD = gnu11;
				GCC_DYNAMIC_NO_PIC = NO;
				GCC_NO_COMMON_BLOCKS = YES;
				GCC_OPTIMIZATION_LEVEL = 0;
				GCC_PREPROCESSOR_DEFINITIONS = (
					"DEBUG=1",
					"$(inherited)",
				);
				GCC_WARN_64_TO_32_BIT_CONVERSION = YES;
				GCC_WARN_ABOUT_RETURN_TYPE = YES_ERROR;
				GCC_WARN_UNDECLARED_SELECTOR = YES;
				GCC_WARN_UNINITIALIZED_AUTOS = YES_AGGRESSIVE;
				GCC_WARN_UNUSED_FUNCTION = YES;
				GCC_WARN_UNUSED_VARIABLE = YES;
				IPHONEOS_DEPLOYMENT_TARGET = 12.0;
				MTL_ENABLE_DEBUG_INFO = INCLUDE_SOURCE;
				MTL_FAST_MATH = YES;
				ONLY_ACTIVE_ARCH = YES;
				SDKROOT = iphoneos;
				SWIFT_ACTIVE_COMPILATION_CONDITIONS = DEBUG;
				SWIFT_OPTIMIZATION_LEVEL = "-Onone";
			};
			name = Debug;
		};
		8C4A2EAB223687F900108DE1 /* Release */ = {
			isa = XCBuildConfiguration;
			buildSettings = {
				ALWAYS_SEARCH_USER_PATHS = NO;
				CLANG_ANALYZER_NONNULL = YES;
				CLANG_ANALYZER_NUMBER_OBJECT_CONVERSION = YES_AGGRESSIVE;
				CLANG_CXX_LANGUAGE_STANDARD = "gnu++14";
				CLANG_CXX_LIBRARY = "libc++";
				CLANG_ENABLE_MODULES = YES;
				CLANG_ENABLE_OBJC_ARC = YES;
				CLANG_ENABLE_OBJC_WEAK = YES;
				CLANG_WARN_BLOCK_CAPTURE_AUTORELEASING = YES;
				CLANG_WARN_BOOL_CONVERSION = YES;
				CLANG_WARN_COMMA = YES;
				CLANG_WARN_CONSTANT_CONVERSION = YES;
				CLANG_WARN_DEPRECATED_OBJC_IMPLEMENTATIONS = YES;
				CLANG_WARN_DIRECT_OBJC_ISA_USAGE = YES_ERROR;
				CLANG_WARN_DOCUMENTATION_COMMENTS = YES;
				CLANG_WARN_EMPTY_BODY = YES;
				CLANG_WARN_ENUM_CONVERSION = YES;
				CLANG_WARN_INFINITE_RECURSION = YES;
				CLANG_WARN_INT_CONVERSION = YES;
				CLANG_WARN_NON_LITERAL_NULL_CONVERSION = YES;
				CLANG_WARN_OBJC_IMPLICIT_RETAIN_SELF = YES;
				CLANG_WARN_OBJC_LITERAL_CONVERSION = YES;
				CLANG_WARN_OBJC_ROOT_CLASS = YES_ERROR;
				CLANG_WARN_RANGE_LOOP_ANALYSIS = YES;
				CLANG_WARN_STRICT_PROTOTYPES = YES;
				CLANG_WARN_SUSPICIOUS_MOVE = YES;
				CLANG_WARN_UNGUARDED_AVAILABILITY = YES_AGGRESSIVE;
				CLANG_WARN_UNREACHABLE_CODE = YES;
				CLANG_WARN__DUPLICATE_METHOD_MATCH = YES;
				CODE_SIGN_IDENTITY = "iPhone Developer";
				COPY_PHASE_STRIP = NO;
				DEBUG_INFORMATION_FORMAT = "dwarf-with-dsym";
				ENABLE_NS_ASSERTIONS = NO;
				ENABLE_STRICT_OBJC_MSGSEND = YES;
				GCC_C_LANGUAGE_STANDARD = gnu11;
				GCC_NO_COMMON_BLOCKS = YES;
				GCC_WARN_64_TO_32_BIT_CONVERSION = YES;
				GCC_WARN_ABOUT_RETURN_TYPE = YES_ERROR;
				GCC_WARN_UNDECLARED_SELECTOR = YES;
				GCC_WARN_UNINITIALIZED_AUTOS = YES_AGGRESSIVE;
				GCC_WARN_UNUSED_FUNCTION = YES;
				GCC_WARN_UNUSED_VARIABLE = YES;
				IPHONEOS_DEPLOYMENT_TARGET = 12.0;
				MTL_ENABLE_DEBUG_INFO = NO;
				MTL_FAST_MATH = YES;
				SDKROOT = iphoneos;
				SWIFT_COMPILATION_MODE = wholemodule;
				SWIFT_OPTIMIZATION_LEVEL = "-O";
				VALIDATE_PRODUCT = YES;
			};
			name = Release;
		};
		8C4A2EAD223687F900108DE1 /* Debug */ = {
			isa = XCBuildConfiguration;
			baseConfigurationReference = BF8B5809719FF8054333F056 /* Pods-Funny.debug.xcconfig */;
			buildSettings = {
				ASSETCATALOG_COMPILER_APPICON_NAME = AppIcon;
				ASSETCATALOG_COMPILER_LAUNCHIMAGE_NAME = LaunchImage;
				CODE_SIGN_STYLE = Automatic;
				INFOPLIST_FILE = "Funny/Supporting Files/Info.plist";
				IPHONEOS_DEPLOYMENT_TARGET = 11.0;
				LD_RUNPATH_SEARCH_PATHS = (
					"$(inherited)",
					"@executable_path/Frameworks",
				);
				OTHER_SWIFT_FLAGS = "$(inherited) -D COCOAPODS -D DEBUG";
				PRODUCT_BUNDLE_IDENTIFIER = com.itcast.heima.Funny;
				PRODUCT_NAME = "$(TARGET_NAME)";
				SWIFT_VERSION = 4.2;
				TARGETED_DEVICE_FAMILY = 1;
			};
			name = Debug;
		};
		8C4A2EAE223687F900108DE1 /* Release */ = {
			isa = XCBuildConfiguration;
			baseConfigurationReference = 1E3FC2A792F29E37B5F15D78 /* Pods-Funny.release.xcconfig */;
			buildSettings = {
				ASSETCATALOG_COMPILER_APPICON_NAME = AppIcon;
				ASSETCATALOG_COMPILER_LAUNCHIMAGE_NAME = LaunchImage;
				CODE_SIGN_STYLE = Automatic;
				INFOPLIST_FILE = "Funny/Supporting Files/Info.plist";
				IPHONEOS_DEPLOYMENT_TARGET = 11.0;
				LD_RUNPATH_SEARCH_PATHS = (
					"$(inherited)",
					"@executable_path/Frameworks",
				);
				OTHER_SWIFT_FLAGS = "$(inherited) -D COCOAPODS -D DEBUG";
				PRODUCT_BUNDLE_IDENTIFIER = com.itcast.heima.Funny;
				PRODUCT_NAME = "$(TARGET_NAME)";
				SWIFT_VERSION = 4.2;
				TARGETED_DEVICE_FAMILY = 1;
			};
			name = Release;
		};
/* End XCBuildConfiguration section */

/* Begin XCConfigurationList section */
		8C4A2E95223687F800108DE1 /* Build configuration list for PBXProject "Funny" */ = {
			isa = XCConfigurationList;
			buildConfigurations = (
				8C4A2EAA223687F900108DE1 /* Debug */,
				8C4A2EAB223687F900108DE1 /* Release */,
			);
			defaultConfigurationIsVisible = 0;
			defaultConfigurationName = Release;
		};
		8C4A2EAC223687F900108DE1 /* Build configuration list for PBXNativeTarget "Funny" */ = {
			isa = XCConfigurationList;
			buildConfigurations = (
				8C4A2EAD223687F900108DE1 /* Debug */,
				8C4A2EAE223687F900108DE1 /* Release */,
			);
			defaultConfigurationIsVisible = 0;
			defaultConfigurationName = Release;
		};
/* End XCConfigurationList section */
	};
	rootObject = 8C4A2E92223687F800108DE1 /* Project object */;
}
